# This file is automatically @generated by Cargo.
# It is not intended for manual editing.
[[package]]
name = "autocfg"
version = "1.0.0"
source = "registry+https://github.com/rust-lang/crates.io-index"
checksum = "f8aac770f1885fd7e387acedd76065302551364496e46b3dd00860b2f8359b9d"

[[package]]
name = "byteorder"
version = "1.3.4"
source = "registry+https://github.com/rust-lang/crates.io-index"
checksum = "08c48aae112d48ed9f069b33538ea9e3e90aa263cfa3d1c24309612b1f7472de"

[[package]]
name = "num-derive"
version = "0.3.0"
source = "registry+https://github.com/rust-lang/crates.io-index"
checksum = "0c8b15b261814f992e33760b1fca9fe8b693d8a65299f20c9901688636cfb746"
dependencies = [
 "proc-macro2",
 "quote",
 "syn",
]

[[package]]
name = "num-traits"
version = "0.2.11"
source = "registry+https://github.com/rust-lang/crates.io-index"
checksum = "c62be47e61d1842b9170f0fdeec8eba98e60e90e5446449a0545e5152acd7096"
dependencies = [
 "autocfg",
]

[[package]]
name = "proc-macro2"
version = "1.0.12"
source = "registry+https://github.com/rust-lang/crates.io-index"
checksum = "8872cf6f48eee44265156c111456a700ab3483686b3f96df4cf5481c89157319"
dependencies = [
 "unicode-xid",
]

[[package]]
name = "quote"
version = "1.0.5"
source = "registry+https://github.com/rust-lang/crates.io-index"
checksum = "42934bc9c8ab0d3b273a16d8551c8f0fcff46be73276ca083ec2414c15c4ba5e"
dependencies = [
 "proc-macro2",
]

[[package]]
name = "shabby-poc"
version = "0.1.0"
dependencies = [
 "byteorder",
 "num-derive",
 "num-traits",
 "thiserror",
 "ux",
]

[[package]]
name = "syn"
version = "1.0.21"
source = "registry+https://github.com/rust-lang/crates.io-index"
checksum = "4696caa4048ac7ce2bcd2e484b3cef88c1004e41b8e945a277e2c25dc0b72060"
dependencies = [
 "proc-macro2",
 "quote",
 "unicode-xid",
]

[[package]]
name = "thiserror"
version = "1.0.18"
source = "registry+https://github.com/rust-lang/crates.io-index"
checksum = "5976891d6950b4f68477850b5b9e5aa64d955961466f9e174363f573e54e8ca7"
dependencies = [
 "thiserror-impl",
]

[[package]]
name = "thiserror-impl"
version = "1.0.18"
source = "registry+https://github.com/rust-lang/crates.io-index"
checksum = "ab81dbd1cd69cd2ce22ecfbdd3bdb73334ba25350649408cc6c085f46d89573d"
dependencies = [
 "proc-macro2",
 "quote",
 "syn",
]

[[package]]
name = "unicode-xid"
version = "0.2.0"
source = "registry+https://github.com/rust-lang/crates.io-index"
checksum = "826e7639553986605ec5979c7dd957c7895e93eabed50ab2ffa7f6128a75097c"

[[package]]
name = "ux"
version = "0.1.3"
source = "registry+https://github.com/rust-lang/crates.io-index"
checksum = "88dfeb711b61ce620c0cb6fd9f8e3e678622f0c971da2a63c4b3e25e88ed012f"
